
Microsoft Visual Studio Solution File, Format Version 12.00
# Visual Studio Version 17
VisualStudioVersion = 17.2.32516.85
MinimumVisualStudioVersion = 10.0.40219.1
Project("{FAE04EC0-301F-11D3-BF4B-00C04F79EFBC}") = "Reproduction", "Reproduction.csproj", "{FC2C7DB7-C045-4284-83AB-8AB9A296DA5E}"
EndProject
Global
	GlobalSection(SolutionConfigurationPlatforms) = preSolution
		Debug|Any CPU = Debug|Any CPU
		Release|Any CPU = Release|Any CPU
	EndGlobalSection
	GlobalSection(ProjectConfigurationPlatforms) = postSolution
		{FC2C7DB7-C045-4284-83AB-8AB9A296DA5E}.Debug|Any CPU.ActiveCfg = Debug|Any CPU
		{FC2C7DB7-C045-4284-83AB-8AB9A296DA5E}.Debug|Any CPU.Build.0 = Debug|Any CPU
		{FC2C7DB7-C045-4284-83AB-8AB9A296DA5E}.Release|Any CPU.ActiveCfg = Release|Any CPU
		{FC2C7DB7-C045-4284-83AB-8AB9A296DA5E}.Release|Any CPU.Build.0 = Release|Any CPU
	EndGlobalSection
	GlobalSection(SolutionProperties) = preSolution
		HideSolutionNode = FALSE
	EndGlobalSection
	GlobalSection(ExtensibilityGlobals) = postSolution
		SolutionGuid = {34887930-F4B1-4030-88D3-2C7D8559D390}
	EndGlobalSection
EndGlobal
